{
  "name": "disbone.db",
  "version": "1.0.0",
  "lockfileVersion": 3,
  "requires": true,
  "packages": {
    "": {
      "name": "disbone.db",
      "version": "1.0.0",
      "license": "ISC",
      "dependencies": {
        "wick.db": "^1.0.0"
      }
    },
    "node_modules/wick.db": {
      "version": "1.0.0",
      "resolved": "https://registry.npmjs.org/wick.db/-/wick.db-1.0.0.tgz",
      "integrity": "sha512-smB3/j6DeUzquvMjKEFzB0z+BUsDm/BatUOnEHNkOPRnuDqwMdTgnEnKppA7cwJwHfQ6YR/ovA6X0gJU8I2Cig==",
      "license": "MIT"
    }
  }
}
